
Microsoft Visual Studio Solution File, Format Version 12.00
# Visual Studio Version 16
VisualStudioVersion = 16.0.29418.71
MinimumVisualStudioVersion = 10.0.40219.1
Project("{FAE04EC0-301F-11D3-BF4B-00C04F79EFBC}") = "ChatPruebaTecnica", "ChatPruebaTecnica\ChatPruebaTecnica.csproj", "{3FE68482-24D9-4550-8B1D-B3D9DE5077AF}"
EndProject
Global
	GlobalSection(SolutionConfigurationPlatforms) = preSolution
		Debug|Any CPU = Debug|Any CPU
		Release|Any CPU = Release|Any CPU
	EndGlobalSection
	GlobalSection(ProjectConfigurationPlatforms) = postSolution
		{3FE68482-24D9-4550-8B1D-B3D9DE5077AF}.Debug|Any CPU.ActiveCfg = Debug|Any CPU
		{3FE68482-24D9-4550-8B1D-B3D9DE5077AF}.Debug|Any CPU.Build.0 = Debug|Any CPU
		{3FE68482-24D9-4550-8B1D-B3D9DE5077AF}.Release|Any CPU.ActiveCfg = Release|Any CPU
		{3FE68482-24D9-4550-8B1D-B3D9DE5077AF}.Release|Any CPU.Build.0 = Release|Any CPU
	EndGlobalSection
	GlobalSection(SolutionProperties) = preSolution
		HideSolutionNode = FALSE
	EndGlobalSection
	GlobalSection(ExtensibilityGlobals) = postSolution
		SolutionGuid = {04BFB310-E983-45CC-B58A-7798FC5719CB}
	EndGlobalSection
EndGlobal
